Microsoft Visual Studio Solution File, Format Version 12.00
# Visual Studio Version 16
VisualStudioVersion = 16.0.0.0
MinimumVisualStudioVersion = 16.0.0.0
Project("{9A19103F-16F7-4668-BE54-9A1E7A4F7556}") = "pclib", "pclib\pclib.csproj", "{8AA96ACA-10C6-450F-8454-03FA29CEE4B5}"
EndProject
Project("{9A19103F-16F7-4668-BE54-9A1E7A4F7556}") = "pclib.Client", "pclib.Client\pclib.Client.csproj", "{C57516CD-FB0A-4A74-9B71-98A7395D2286}"
EndProject
Global
	GlobalSection(SolutionConfigurationPlatforms) = preSolution
		Debug|Any CPU = Debug|Any CPU
		Debug|x64 = Debug|x64
		Debug|x86 = Debug|x86
		Release|Any CPU = Release|Any CPU
		Release|x64 = Release|x64
		Release|x86 = Release|x86
	EndGlobalSection
	GlobalSection(ProjectConfigurationPlatforms) = postSolution
		{C57516CD-FB0A-4A74-9B71-98A7395D2286}.Debug|Any CPU.ActiveCfg = Debug|Any CPU
		{C57516CD-FB0A-4A74-9B71-98A7395D2286}.Debug|Any CPU.Build.0 = Debug|Any CPU
		{C57516CD-FB0A-4A74-9B71-98A7395D2286}.Debug|x64.ActiveCfg = Debug|Any CPU
		{C57516CD-FB0A-4A74-9B71-98A7395D2286}.Debug|x64.Build.0 = Debug|Any CPU
		{C57516CD-FB0A-4A74-9B71-98A7395D2286}.Debug|x86.ActiveCfg = Debug|Any CPU
		{C57516CD-FB0A-4A74-9B71-98A7395D2286}.Debug|x86.Build.0 = Debug|Any CPU
		{C57516CD-FB0A-4A74-9B71-98A7395D2286}.Release|Any CPU.ActiveCfg = Release|Any CPU
		{C57516CD-FB0A-4A74-9B71-98A7395D2286}.Release|Any CPU.Build.0 = Release|Any CPU
		{C57516CD-FB0A-4A74-9B71-98A7395D2286}.Release|x64.ActiveCfg = Release|Any CPU
		{C57516CD-FB0A-4A74-9B71-98A7395D2286}.Release|x64.Build.0 = Release|Any CPU
		{C57516CD-FB0A-4A74-9B71-98A7395D2286}.Release|x86.ActiveCfg = Release|Any CPU
		{C57516CD-FB0A-4A74-9B71-98A7395D2286}.Release|x86.Build.0 = Release|Any CPU
		{8AA96ACA-10C6-450F-8454-03FA29CEE4B5}.Debug|Any CPU.ActiveCfg = Debug|Any CPU
		{8AA96ACA-10C6-450F-8454-03FA29CEE4B5}.Debug|Any CPU.Build.0 = Debug|Any CPU
		{8AA96ACA-10C6-450F-8454-03FA29CEE4B5}.Debug|x64.ActiveCfg = Debug|Any CPU
		{8AA96ACA-10C6-450F-8454-03FA29CEE4B5}.Debug|x64.Build.0 = Debug|Any CPU
		{8AA96ACA-10C6-450F-8454-03FA29CEE4B5}.Debug|x86.ActiveCfg = Debug|Any CPU
		{8AA96ACA-10C6-450F-8454-03FA29CEE4B5}.Debug|x86.Build.0 = Debug|Any CPU
		{8AA96ACA-10C6-450F-8454-03FA29CEE4B5}.Release|Any CPU.ActiveCfg = Release|Any CPU
		{8AA96ACA-10C6-450F-8454-03FA29CEE4B5}.Release|Any CPU.Build.0 = Release|Any CPU
		{8AA96ACA-10C6-450F-8454-03FA29CEE4B5}.Release|x64.ActiveCfg = Release|Any CPU
		{8AA96ACA-10C6-450F-8454-03FA29CEE4B5}.Release|x64.Build.0 = Release|Any CPU
		{8AA96ACA-10C6-450F-8454-03FA29CEE4B5}.Release|x86.ActiveCfg = Release|Any CPU
		{8AA96ACA-10C6-450F-8454-03FA29CEE4B5}.Release|x86.Build.0 = Release|Any CPU
	EndGlobalSection
	GlobalSection(SolutionProperties) = preSolution
		HideSolutionNode = FALSE
	EndGlobalSection
	GlobalSection(ExtensibilityGlobals) = postSolution
		SolutionGuid = {CCEC09B9-17AE-4005-99ED-C98E588FC1DE}
	EndGlobalSection
EndGlobal
